
Microsoft Visual Studio Solution File, Format Version 12.00
# Visual Studio Version 17
VisualStudioVersion = 17.10.35027.167
MinimumVisualStudioVersion = 10.0.40219.1
Project("{FAE04EC0-301F-11D3-BF4B-00C04F79EFBC}") = "JobCandidate.Api", "JobCandidate.Api\JobCandidate.Api.csproj", "{700D584B-C8BE-43E0-A034-9607E0391B06}"
EndProject
Project("{FAE04EC0-301F-11D3-BF4B-00C04F79EFBC}") = "JobCandidate.Data", "JobCandidate.Data\JobCandidate.Data.csproj", "{316BBC91-26A7-42D4-80FD-552D93123C4F}"
EndProject
Project("{FAE04EC0-301F-11D3-BF4B-00C04F79EFBC}") = "JobCandidate.Domain", "JobCandidate.Domain\JobCandidate.Domain.csproj", "{047A0420-F6E7-4125-B625-2700A9D53CFD}"
EndProject
Project("{FAE04EC0-301F-11D3-BF4B-00C04F79EFBC}") = "JobCandidate.Service", "JobCandidate.Service\JobCandidate.Service.csproj", "{B7337C11-19D6-44B5-B452-8682B2F78B93}"
EndProject
Global
	GlobalSection(SolutionConfigurationPlatforms) = preSolution
		Debug|Any CPU = Debug|Any CPU
		Release|Any CPU = Release|Any CPU
	EndGlobalSection
	GlobalSection(ProjectConfigurationPlatforms) = postSolution
		{700D584B-C8BE-43E0-A034-9607E0391B06}.Debug|Any CPU.ActiveCfg = Debug|Any CPU
		{700D584B-C8BE-43E0-A034-9607E0391B06}.Debug|Any CPU.Build.0 = Debug|Any CPU
		{700D584B-C8BE-43E0-A034-9607E0391B06}.Release|Any CPU.ActiveCfg = Release|Any CPU
		{700D584B-C8BE-43E0-A034-9607E0391B06}.Release|Any CPU.Build.0 = Release|Any CPU
		{316BBC91-26A7-42D4-80FD-552D93123C4F}.Debug|Any CPU.ActiveCfg = Debug|Any CPU
		{316BBC91-26A7-42D4-80FD-552D93123C4F}.Debug|Any CPU.Build.0 = Debug|Any CPU
		{316BBC91-26A7-42D4-80FD-552D93123C4F}.Release|Any CPU.ActiveCfg = Release|Any CPU
		{316BBC91-26A7-42D4-80FD-552D93123C4F}.Release|Any CPU.Build.0 = Release|Any CPU
		{047A0420-F6E7-4125-B625-2700A9D53CFD}.Debug|Any CPU.ActiveCfg = Debug|Any CPU
		{047A0420-F6E7-4125-B625-2700A9D53CFD}.Debug|Any CPU.Build.0 = Debug|Any CPU
		{047A0420-F6E7-4125-B625-2700A9D53CFD}.Release|Any CPU.ActiveCfg = Release|Any CPU
		{047A0420-F6E7-4125-B625-2700A9D53CFD}.Release|Any CPU.Build.0 = Release|Any CPU
		{B7337C11-19D6-44B5-B452-8682B2F78B93}.Debug|Any CPU.ActiveCfg = Debug|Any CPU
		{B7337C11-19D6-44B5-B452-8682B2F78B93}.Debug|Any CPU.Build.0 = Debug|Any CPU
		{B7337C11-19D6-44B5-B452-8682B2F78B93}.Release|Any CPU.ActiveCfg = Release|Any CPU
		{B7337C11-19D6-44B5-B452-8682B2F78B93}.Release|Any CPU.Build.0 = Release|Any CPU
	EndGlobalSection
	GlobalSection(SolutionProperties) = preSolution
		HideSolutionNode = FALSE
	EndGlobalSection
	GlobalSection(ExtensibilityGlobals) = postSolution
		SolutionGuid = {6A52A815-3CAF-41CA-82EA-C6EE3BFCA5FB}
	EndGlobalSection
EndGlobal
